
Microsoft Visual Studio Solution File, Format Version 12.00
# Visual Studio Version 16
VisualStudioVersion = 16.0.30804.86
MinimumVisualStudioVersion = 10.0.40219.1
Project("{FAE04EC0-301F-11D3-BF4B-00C04F79EFBC}") = "Lab1", "Lab1\Lab1.csproj", "{22197D07-C760-47BE-A32E-8CB80A1B1114}"
EndProject
Global
	GlobalSection(SolutionConfigurationPlatforms) = preSolution
		Debug|Any CPU = Debug|Any CPU
		Release|Any CPU = Release|Any CPU
	EndGlobalSection
	GlobalSection(ProjectConfigurationPlatforms) = postSolution
		{22197D07-C760-47BE-A32E-8CB80A1B1114}.Debug|Any CPU.ActiveCfg = Debug|Any CPU
		{22197D07-C760-47BE-A32E-8CB80A1B1114}.Debug|Any CPU.Build.0 = Debug|Any CPU
		{22197D07-C760-47BE-A32E-8CB80A1B1114}.Release|Any CPU.ActiveCfg = Release|Any CPU
		{22197D07-C760-47BE-A32E-8CB80A1B1114}.Release|Any CPU.Build.0 = Release|Any CPU
	EndGlobalSection
	GlobalSection(SolutionProperties) = preSolution
		HideSolutionNode = FALSE
	EndGlobalSection
	GlobalSection(ExtensibilityGlobals) = postSolution
		SolutionGuid = {F7111210-A901-4DF5-A0D9-1B9358167AA6}
	EndGlobalSection
EndGlobal
